
Microsoft Visual Studio Solution File, Format Version 12.00
# Visual Studio Version 16
VisualStudioVersion = 16.0.31229.75
MinimumVisualStudioVersion = 10.0.40219.1
Project("{8BC9CEB8-8B4A-11D0-8D11-00A0C91BC942}") = "C++ Practice", "C++ Practice\C++ Practice.vcxproj", "{93711682-5A5B-4C47-AA10-4EFD4A281C75}"
EndProject
Global
	GlobalSection(SolutionConfigurationPlatforms) = preSolution
		Debug|x64 = Debug|x64
		Debug|x86 = Debug|x86
		Release|x64 = Release|x64
		Release|x86 = Release|x86
	EndGlobalSection
	GlobalSection(ProjectConfigurationPlatforms) = postSolution
		{93711682-5A5B-4C47-AA10-4EFD4A281C75}.Debug|x64.ActiveCfg = Debug|x64
		{93711682-5A5B-4C47-AA10-4EFD4A281C75}.Debug|x64.Build.0 = Debug|x64
		{93711682-5A5B-4C47-AA10-4EFD4A281C75}.Debug|x86.ActiveCfg = Debug|Win32
		{93711682-5A5B-4C47-AA10-4EFD4A281C75}.Debug|x86.Build.0 = Debug|Win32
		{93711682-5A5B-4C47-AA10-4EFD4A281C75}.Release|x64.ActiveCfg = Release|x64
		{93711682-5A5B-4C47-AA10-4EFD4A281C75}.Release|x64.Build.0 = Release|x64
		{93711682-5A5B-4C47-AA10-4EFD4A281C75}.Release|x86.ActiveCfg = Release|Win32
		{93711682-5A5B-4C47-AA10-4EFD4A281C75}.Release|x86.Build.0 = Release|Win32
	EndGlobalSection
	GlobalSection(SolutionProperties) = preSolution
		HideSolutionNode = FALSE
	EndGlobalSection
	GlobalSection(ExtensibilityGlobals) = postSolution
		SolutionGuid = {32DB3BC4-E4C6-499F-A284-84A6F2B7A6E1}
	EndGlobalSection
EndGlobal
